// !$*UTF8*$!
{
	archiveVersion = 1;
	classes = {
	};
	objectVersion = 46;
	objects = {

/* Begin PBXBuildFile section */
		85F1735F1E3918460014005A /* AppDelegate.swift in Sources */ = {isa = PBXBuildFile; fileRef = 85F1735E1E3918460014005A /* AppDelegate.swift */; };
		85F173611E3918460014005A /* Main.swift in Sources */ = {isa = PBXBuildFile; fileRef = 85F173601E3918460014005A /* Main.swift */; };
		85F173641E3918460014005A /* Main.storyboard in Resources */ = {isa = PBXBuildFile; fileRef = 85F173621E3918460014005A /* Main.storyboard */; };
		85F173671E3918460014005A /* ToDoList.xcdatamodeld in Sources */ = {isa = PBXBuildFile; fileRef = 85F173651E3918460014005A /* ToDoList.xcdatamodeld */; };
		85F173691E3918460014005A /* Assets.xcassets in Resources */ = {isa = PBXBuildFile; fileRef = 85F173681E3918460014005A /* Assets.xcassets */; };
		85F1736C1E3918460014005A /* LaunchScreen.storyboard in Resources */ = {isa = PBXBuildFile; fileRef = 85F1736A1E3918460014005A /* LaunchScreen.storyboard */; };
		85F173741E39DC980014005A /* task.swift in Sources */ = {isa = PBXBuildFile; fileRef = 85F173731E39DC980014005A /* task.swift */; };
		85F173761E39ED340014005A /* AddTodoTask.swift in Sources */ = {isa = PBXBuildFile; fileRef = 85F173751E39ED340014005A /* AddTodoTask.swift */; };
/* End PBXBuildFile section */

/* Begin PBXFileReference section */
		85F1735B1E3918460014005A /* ToDoList.app */ = {isa = PBXFileReference; explicitFileType = wrapper.application; includeInIndex = 0; path = ToDoList.app; sourceTree = BUILT_PRODUCTS_DIR; };
		85F1735E1E3918460014005A /* AppDelegate.swift */ = {isa = PBXFileReference; lastKnownFileType = sourcecode.swift; path = AppDelegate.swift; sourceTree = "<group>"; };
		85F173601E3918460014005A /* Main.swift */ = {isa = PBXFileReference; lastKnownFileType = sourcecode.swift; path = Main.swift; sourceTree = "<group>"; };
		85F173631E3918460014005A /* Base */ = {isa = PBXFileReference; lastKnownFileType = file.storyboard; name = Base; path = Base.lproj/Main.storyboard; sourceTree = "<group>"; };
		85F173661E3918460014005A /* ToDoList.xcdatamodel */ = {isa = PBXFileReference; lastKnownFileType = wrapper.xcdatamodel; path = ToDoList.xcdatamodel; sourceTree = "<group>"; };
		85F173681E3918460014005A /* Assets.xcassets */ = {isa = PBXFileReference; lastKnownFileType = folder.assetcatalog; path = Assets.xcassets; sourceTree = "<group>"; };
		85F1736B1E3918460014005A /* Base */ = {isa = PBXFileReference; lastKnownFileType = file.storyboard; name = Base; path = Base.lproj/LaunchScreen.storyboard; sourceTree = "<group>"; };
		85F1736D1E3918460014005A /* Info.plist */ = {isa = PBXFileReference; lastKnownFileType = text.plist.xml; path = Info.plist; sourceTree = "<group>"; };
		85F173731E39DC980014005A /* task.swift */ = {isa = PBXFileReference; fileEncoding = 4; lastKnownFileType = sourcecode.swift; path = task.swift; sourceTree = "<group>"; };
		85F173751E39ED340014005A /* AddTodoTask.swift */ = {isa = PBXFileReference; fileEncoding = 4; lastKnownFileType = sourcecode.swift; path = AddTodoTask.swift; sourceTree = "<group>"; };
/* End PBXFileReference section */

/* Begin PBXFrameworksBuildPhase section */
		85F173581E3918460014005A /* Frameworks */ = {
			isa = PBXFrameworksBuildPhase;
			buildActionMask = 2147483647;
			files = (
			);
			runOnlyForDeploymentPostprocessing = 0;
		};
/* End PBXFrameworksBuildPhase section */

/* Begin PBXGroup section */
		85F173521E3918460014005A = {
			isa = PBXGroup;
			children = (
				85F1735D1E3918460014005A /* ToDoList */,
				85F1735C1E3918460014005A /* Products */,
			);
			sourceTree = "<group>";
		};
		85F1735C1E3918460014005A /* Products */ = {
			isa = PBXGroup;
			children = (
				85F1735B1E3918460014005A /* ToDoList.app */,
			);
			name = Products;
			sourceTree = "<group>";
		};
		85F1735D1E3918460014005A /* ToDoList */ = {
			isa = PBXGroup;
			children = (
				85F1735E1E3918460014005A /* AppDelegate.swift */,
				85F173601E3918460014005A /* Main.swift */,
				85F173731E39DC980014005A /* task.swift */,
				85F173751E39ED340014005A /* AddTodoTask.swift */,
				85F173621E3918460014005A /* Main.storyboard */,
				85F173681E3918460014005A /* Assets.xcassets */,
				85F1736A1E3918460014005A /* LaunchScreen.storyboard */,
				85F1736D1E3918460014005A /* Info.plist */,
				85F173651E3918460014005A /* ToDoList.xcdatamodeld */,
			);
			path = ToDoList;
			sourceTree = "<group>";
		};
/* End PBXGroup section */

/* Begin PBXNativeTarget section */
		85F1735A1E3918460014005A /* ToDoList */ = {
			isa = PBXNativeTarget;
			buildConfigurationList = 85F173701E3918460014005A /* Build configuration list for PBXNativeTarget "ToDoList" */;
			buildPhases = (
				85F173571E3918460014005A /* Sources */,
				85F173581E3918460014005A /* Frameworks */,
				85F173591E3918460014005A /* Resources */,
			);
			buildRules = (
			);
			dependencies = (
			);
			name = ToDoList;
			productName = ToDoList;
			productReference = 85F1735B1E3918460014005A /* ToDoList.app */;
			productType = "com.apple.product-type.application";
		};
/* End PBXNativeTarget section */

/* Begin PBXProject section */
		85F173531E3918460014005A /* Project object */ = {
			isa = PBXProject;
			attributes = {
				LastSwiftUpdateCheck = 0820;
				LastUpgradeCheck = 0820;
				ORGANIZATIONNAME = "Tarek Morshed";
				TargetAttributes = {
					85F1735A1E3918460014005A = {
						CreatedOnToolsVersion = 8.2.1;
						ProvisioningStyle = Automatic;
					};
				};
			};
			buildConfigurationList = 85F173561E3918460014005A /* Build configuration list for PBXProject "ToDoList" */;
			compatibilityVersion = "Xcode 3.2";
			developmentRegion = English;
			hasScannedForEncodings = 0;
			knownRegions = (
				en,
				Base,
			);
			mainGroup = 85F173521E3918460014005A;
			productRefGroup = 85F1735C1E3918460014005A /* Products */;
			projectDirPath = "";
			projectRoot = "";
			targets = (
				85F1735A1E3918460014005A /* ToDoList */,
			);
		};
/* End PBXProject section */

/* Begin PBXResourcesBuildPhase section */
		85F173591E3918460014005A /* Resources */ = {
			isa = PBXResourcesBuildPhase;
			buildActionMask = 2147483647;
			files = (
				85F1736C1E3918460014005A /* LaunchScreen.storyboard in Resources */,
				85F173691E3918460014005A /* Assets.xcassets in Resources */,
				85F173641E3918460014005A /* Main.storyboard in Resources */,
			);
			runOnlyForDeploymentPostprocessing = 0;
		};
/* End PBXResourcesBuildPhase section */

/* Begin PBXSourcesBuildPhase section */
		85F173571E3918460014005A /* Sources */ = {
			isa = PBXSourcesBuildPhase;
			buildActionMask = 2147483647;
			files = (
				85F173741E39DC980014005A /* task.swift in Sources */,
				85F173761E39ED340014005A /* AddTodoTask.swift in Sources */,
				85F173611E3918460014005A /* Main.swift in Sources */,
				85F173671E3918460014005A /* ToDoList.xcdatamodeld in Sources */,
				85F1735F1E3918460014005A /* AppDelegate.swift in Sources */,
			);
			runOnlyForDeploymentPostprocessing = 0;
		};
/* End PBXSourcesBuildPhase section */

/* Begin PBXVariantGroup section */
		85F173621E3918460014005A /* Main.storyboard */ = {
			isa = PBXVariantGroup;
			children = (
				85F173631E3918460014005A /* Base */,
			);
			name = Main.storyboard;
			sourceTree = "<group>";
		};
		85F1736A1E3918460014005A /* LaunchScreen.storyboard */ = {
			isa = PBXVariantGroup;
			children = (
				85F1736B1E3918460014005A /* Base */,
			);
			name = LaunchScreen.storyboard;
			sourceTree = "<group>";
		};
/* End PBXVariantGroup section */

/* Begin XCBuildConfiguration section */
		85F1736E1E3918460014005A /* Debug */ = {
			isa = XCBuildConfiguration;
			buildSettings = {
				ALWAYS_SEARCH_USER_PATHS = NO;
				CLANG_ANALYZER_NONNULL = YES;
				CLANG_CXX_LANGUAGE_STANDARD = "gnu++0x";
				CLANG_CXX_LIBRARY = "libc++";
				CLANG_ENABLE_MODULES = YES;
				CLANG_ENABLE_OBJC_ARC = YES;
				CLANG_WARN_BOOL_CONVERSION = YES;
				CLANG_WARN_CONSTANT_CONVERSION = YES;
				CLANG_WARN_DIRECT_OBJC_ISA_USAGE = YES_ERROR;
				CLANG_WARN_DOCUMENTATION_COMMENTS = YES;
				CLANG_WARN_EMPTY_BODY = YES;
				CLANG_WARN_ENUM_CONVERSION = YES;
				CLANG_WARN_INFINITE_RECURSION = YES;
				CLANG_WARN_INT_CONVERSION = YES;
				CLANG_WARN_OBJC_ROOT_CLASS = YES_ERROR;
				CLANG_WARN_SUSPICIOUS_MOVE = YES;
				CLANG_WARN_UNREACHABLE_CODE = YES;
				CLANG_WARN__DUPLICATE_METHOD_MATCH = YES;
				"CODE_SIGN_IDENTITY[sdk=iphoneos*]" = "iPhone Developer";
				COPY_PHASE_STRIP = NO;
				DEBUG_INFORMATION_FORMAT = dwarf;
				ENABLE_STRICT_OBJC_MSGSEND = YES;
				ENABLE_TESTABILITY = YES;
				GCC_C_LANGUAGE_STANDARD = gnu99;
				GCC_DYNAMIC_NO_PIC = NO;
				GCC_NO_COMMON_BLOCKS = YES;
				GCC_OPTIMIZATION_LEVEL = 0;
				GCC_PREPROCESSOR_DEFINITIONS = (
					"DEBUG=1",
					"$(inherited)",
				);
				GCC_WARN_64_TO_32_BIT_CONVERSION = YES;
				GCC_WARN_ABOUT_RETURN_TYPE = YES_ERROR;
				GCC_WARN_UNDECLARED_SELECTOR = YES;
				GCC_WARN_UNINITIALIZED_AUTOS = YES_AGGRESSIVE;
				GCC_WARN_UNUSED_FUNCTION = YES;
				GCC_WARN_UNUSED_VARIABLE = YES;
				IPHONEOS_DEPLOYMENT_TARGET = 10.2;
				MTL_ENABLE_DEBUG_INFO = YES;
				ONLY_ACTIVE_ARCH = YES;
				SDKROOT = iphoneos;
				SWIFT_ACTIVE_COMPILATION_CONDITIONS = DEBUG;
				SWIFT_OPTIMIZATION_LEVEL = "-Onone";
				TARGETED_DEVICE_FAMILY = "1,2";
			};
			name = Debug;
		};
		85F1736F1E3918460014005A /* Release */ = {
			isa = XCBuildConfiguration;
			buildSettings = {
				ALWAYS_SEARCH_USER_PATHS = NO;
				CLANG_ANALYZER_NONNULL = YES;
				CLANG_CXX_LANGUAGE_STANDARD = "gnu++0x";
				CLANG_CXX_LIBRARY = "libc++";
				CLANG_ENABLE_MODULES = YES;
				CLANG_ENABLE_OBJC_ARC = YES;
				CLANG_WARN_BOOL_CONVERSION = YES;
				CLANG_WARN_CONSTANT_CONVERSION = YES;
				CLANG_WARN_DIRECT_OBJC_ISA_USAGE = YES_ERROR;
				CLANG_WARN_DOCUMENTATION_COMMENTS = YES;
				CLANG_WARN_EMPTY_BODY = YES;
				CLANG_WARN_ENUM_CONVERSION = YES;
				CLANG_WARN_INFINITE_RECURSION = YES;
				CLANG_WARN_INT_CONVERSION = YES;
				CLANG_WARN_OBJC_ROOT_CLASS = YES_ERROR;
				CLANG_WARN_SUSPICIOUS_MOVE = YES;
				CLANG_WARN_UNREACHABLE_CODE = YES;
				CLANG_WARN__DUPLICATE_METHOD_MATCH = YES;
				"CODE_SIGN_IDENTITY[sdk=iphoneos*]" = "iPhone Developer";
				COPY_PHASE_STRIP = NO;
				DEBUG_INFORMATION_FORMAT = "dwarf-with-dsym";
				ENABLE_NS_ASSERTIONS = NO;
				ENABLE_STRICT_OBJC_MSGSEND = YES;
				GCC_C_LANGUAGE_STANDARD = gnu99;
				GCC_NO_COMMON_BLOCKS = YES;
				GCC_WARN_64_TO_32_BIT_CONVERSION = YES;
				GCC_WARN_ABOUT_RETURN_TYPE = YES_ERROR;
				GCC_WARN_UNDECLARED_SELECTOR = YES;
				GCC_WARN_UNINITIALIZED_AUTOS = YES_AGGRESSIVE;
				GCC_WARN_UNUSED_FUNCTION = YES;
				GCC_WARN_UNUSED_VARIABLE = YES;
				IPHONEOS_DEPLOYMENT_TARGET = 10.2;
				MTL_ENABLE_DEBUG_INFO = NO;
				SDKROOT = iphoneos;
				SWIFT_OPTIMIZATION_LEVEL = "-Owholemodule";
				TARGETED_DEVICE_FAMILY = "1,2";
				VALIDATE_PRODUCT = YES;
			};
			name = Release;
		};
		85F173711E3918460014005A /* Debug */ = {
			isa = XCBuildConfiguration;
			buildSettings = {
				ASSETCATALOG_COMPILER_APPICON_NAME = AppIcon;
				INFOPLIST_FILE = ToDoList/Info.plist;
				LD_RUNPATH_SEARCH_PATHS = "$(inherited) @executable_path/Frameworks";
				PRODUCT_BUNDLE_IDENTIFIER = com.Intec.screens.ToDoList;
				PRODUCT_NAME = "$(TARGET_NAME)";
				SWIFT_VERSION = 3.0;
			};
			name = Debug;
		};
		85F173721E3918460014005A /* Release */ = {
			isa = XCBuildConfiguration;
			buildSettings = {
				ASSETCATALOG_COMPILER_APPICON_NAME = AppIcon;
				INFOPLIST_FILE = ToDoList/Info.plist;
				LD_RUNPATH_SEARCH_PATHS = "$(inherited) @executable_path/Frameworks";
				PRODUCT_BUNDLE_IDENTIFIER = com.Intec.screens.ToDoList;
				PRODUCT_NAME = "$(TARGET_NAME)";
				SWIFT_VERSION = 3.0;
			};
			name = Release;
		};
/* End XCBuildConfiguration section */

/* Begin XCConfigurationList section */
		85F173561E3918460014005A /* Build configuration list for PBXProject "ToDoList" */ = {
			isa = XCConfigurationList;
			buildConfigurations = (
				85F1736E1E3918460014005A /* Debug */,
				85F1736F1E3918460014005A /* Release */,
			);
			defaultConfigurationIsVisible = 0;
			defaultConfigurationName = Release;
		};
		85F173701E3918460014005A /* Build configuration list for PBXNativeTarget "ToDoList" */ = {
			isa = XCConfigurationList;
			buildConfigurations = (
				85F173711E3918460014005A /* Debug */,
				85F173721E3918460014005A /* Release */,
			);
			defaultConfigurationIsVisible = 0;
		};
/* End XCConfigurationList section */

/* Begin XCVersionGroup section */
		85F173651E3918460014005A /* ToDoList.xcdatamodeld */ = {
			isa = XCVersionGroup;
			children = (
				85F173661E3918460014005A /* ToDoList.xcdatamodel */,
			);
			currentVersion = 85F173661E3918460014005A /* ToDoList.xcdatamodel */;
			path = ToDoList.xcdatamodeld;
			sourceTree = "<group>";
			versionGroupType = wrapper.xcdatamodel;
		};
/* End XCVersionGroup section */
	};
	rootObject = 85F173531E3918460014005A /* Project object */;
}
